
Microsoft Visual Studio Solution File, Format Version 12.00
# Visual Studio Version 17
VisualStudioVersion = 17.6.33815.320
MinimumVisualStudioVersion = 10.0.40219.1
Project("{2150E333-8FDC-42A3-9474-1A3956D46DE8}") = "Api.Gateway", "Api.Gateway", "{E64B238E-6F77-4F64-9E68-FD22F1EEDFD9}"
EndProject
Project("{2150E333-8FDC-42A3-9474-1A3956D46DE8}") = "Api.MicroServices", "Api.MicroServices", "{C296C36B-38BC-4B6C-BC63-82F0CB13A4F9}"
EndProject
Project("{2150E333-8FDC-42A3-9474-1A3956D46DE8}") = "Catalog", "Catalog", "{76EE034B-C6F9-415F-9EF6-B88E9AC085A7}"
EndProject
Project("{2150E333-8FDC-42A3-9474-1A3956D46DE8}") = "Identity", "Identity", "{4085DDF5-00A8-452B-B954-C71A942E7044}"
EndProject
Project("{2150E333-8FDC-42A3-9474-1A3956D46DE8}") = "Order", "Order", "{D6AE0F25-1189-48D2-82D4-CD2B52E38905}"
EndProject
Project("{2150E333-8FDC-42A3-9474-1A3956D46DE8}") = "01 Api", "01 Api", "{CC310844-9453-4892-9592-49FDD46168C4}"
EndProject
Project("{2150E333-8FDC-42A3-9474-1A3956D46DE8}") = "02 Models", "02 Models", "{F880BD2B-F33A-4941-A247-148C12365B2B}"
EndProject
Project("{2150E333-8FDC-42A3-9474-1A3956D46DE8}") = "03 Persistence", "03 Persistence", "{5D915F71-17AB-4557-8141-76DABE7027BE}"
EndProject
Project("{2150E333-8FDC-42A3-9474-1A3956D46DE8}") = "04 Services", "04 Services", "{3FC1E389-D275-4260-88DD-8440C6891C1B}"
EndProject
Project("{2150E333-8FDC-42A3-9474-1A3956D46DE8}") = "01 Api", "01 Api", "{EC41671C-011E-4C74-B424-2E7C1554F84E}"
EndProject
Project("{2150E333-8FDC-42A3-9474-1A3956D46DE8}") = "02 Models", "02 Models", "{DC3D822D-24EB-4569-AC0F-B3ED7E0D283B}"
EndProject
Project("{2150E333-8FDC-42A3-9474-1A3956D46DE8}") = "03 Persistence", "03 Persistence", "{9125C6AF-7300-469B-B737-FFE32010F78B}"
EndProject
Project("{2150E333-8FDC-42A3-9474-1A3956D46DE8}") = "04 Services", "04 Services", "{2824FBBA-2EAE-4158-B5CE-44FEBA331695}"
EndProject
Project("{2150E333-8FDC-42A3-9474-1A3956D46DE8}") = "01 Api", "01 Api", "{D529A698-C453-41D3-B8CA-E71CE7BE4899}"
EndProject
Project("{2150E333-8FDC-42A3-9474-1A3956D46DE8}") = "02 Models", "02 Models", "{C74B6A16-660C-455F-AC41-F87D8986CB91}"
EndProject
Project("{2150E333-8FDC-42A3-9474-1A3956D46DE8}") = "03 Persistence", "03 Persistence", "{BBDDAA44-79F8-44C9-A52F-0CB147F9F312}"
EndProject
Project("{2150E333-8FDC-42A3-9474-1A3956D46DE8}") = "04 Servies", "04 Servies", "{D8761028-31C6-41B0-95E4-91B7B1207189}"
EndProject
Project("{9A19103F-16F7-4668-BE54-9A1E7A4F7556}") = "Identity.Api", "src\Services\Identity\Identity.Api\Identity.Api.csproj", "{CE479437-B3ED-4340-B667-136D4F612FDC}"
EndProject
Project("{9A19103F-16F7-4668-BE54-9A1E7A4F7556}") = "Identity.Domain", "src\Services\Identity\Identity.Domain\Identity.Domain.csproj", "{9158570F-9BAB-4BA8-8BAA-906029461695}"
EndProject
Project("{9A19103F-16F7-4668-BE54-9A1E7A4F7556}") = "Identity.Utils", "src\Services\Identity\Identity.Utils\Identity.Utils.csproj", "{E8D9E2C2-3EF4-40A3-8E46-A61AF873C918}"
EndProject
Project("{9A19103F-16F7-4668-BE54-9A1E7A4F7556}") = "Identity.Database", "src\Services\Identity\Identity.Database\Identity.Database.csproj", "{178D6322-FE2D-4713-804C-1225901C0902}"
EndProject
Project("{9A19103F-16F7-4668-BE54-9A1E7A4F7556}") = "Identity.Behaviour", "src\Services\Identity\Identity.Behaviour\Identity.Behaviour.csproj", "{3A9586B3-6B4D-498B-A91B-9C7580D319CD}"
EndProject
Project("{9A19103F-16F7-4668-BE54-9A1E7A4F7556}") = "Catalog.Api", "src\Services\Catalog\Catalog.Api\Catalog.Api.csproj", "{F3CB3C2C-4CB7-433F-A6A4-854DC905EED3}"
EndProject
Project("{9A19103F-16F7-4668-BE54-9A1E7A4F7556}") = "Order.Api", "src\Services\Order\Order.Api\Order.Api.csproj", "{E661C541-0169-43B8-A981-527C41FE559B}"
EndProject
Project("{9A19103F-16F7-4668-BE54-9A1E7A4F7556}") = "Api.Gateway.Webclient", "src\Gateway\Api.Gateway.Webclient\Api.Gateway.Webclient.csproj", "{907D01B7-005F-41D0-836E-A847DB3A2C8F}"
EndProject
Project("{9A19103F-16F7-4668-BE54-9A1E7A4F7556}") = "Catalog.Database", "src\Services\Catalog\Catalog.Database\Catalog.Database.csproj", "{634DE858-41F8-4968-9DE1-3C2E7A5FC421}"
EndProject
Project("{9A19103F-16F7-4668-BE54-9A1E7A4F7556}") = "Catalog.Utils", "src\Services\Catalog\Catalog.Utils\Catalog.Utils.csproj", "{7806703B-090D-458F-BE86-EC8161663286}"
EndProject
Project("{9A19103F-16F7-4668-BE54-9A1E7A4F7556}") = "Catalog.Domain", "src\Services\Catalog\Catalog.Domain\Catalog.Domain.csproj", "{413D4DFA-67F8-4E2D-81D3-ECA7C4AF5BD9}"
EndProject
Project("{9A19103F-16F7-4668-BE54-9A1E7A4F7556}") = "Catalog.Behaviour", "src\Services\Catalog\Catalog.Behaviour\Catalog.Behaviour.csproj", "{92B6E421-CD2B-4BA5-BAD3-EF9E10FFA48D}"
EndProject
Project("{9A19103F-16F7-4668-BE54-9A1E7A4F7556}") = "Order.Domain", "src\Services\Order\Order.Domain\Order.Domain.csproj", "{274D138D-B01A-4B6E-AE7A-0F98D46EE8B7}"
EndProject
Project("{9A19103F-16F7-4668-BE54-9A1E7A4F7556}") = "Order.Database", "src\Services\Order\Order.Database\Order.Database.csproj", "{29FC1D88-CF05-4ED7-BD96-4E37E2AD9FA6}"
EndProject
Project("{9A19103F-16F7-4668-BE54-9A1E7A4F7556}") = "Order.Utils", "src\Services\Order\Order.Utils\Order.Utils.csproj", "{6FFFF3A4-A265-4261-8747-98AFD3C6956C}"
EndProject
Project("{9A19103F-16F7-4668-BE54-9A1E7A4F7556}") = "Order.Behaviour", "src\Services\Order\Order.Behaviour\Order.Behaviour.csproj", "{F024EA41-25C5-4F73-AC6E-1A916ACF30D6}"
EndProject
Project("{2150E333-8FDC-42A3-9474-1A3956D46DE8}") = "Custumer", "Custumer", "{952C1523-13D8-4516-AD37-C90B978B7865}"
EndProject
Project("{2150E333-8FDC-42A3-9474-1A3956D46DE8}") = "01 Api", "01 Api", "{1284AADC-0C64-4048-AB81-7F1A89091029}"
EndProject
Project("{2150E333-8FDC-42A3-9474-1A3956D46DE8}") = "02 Models", "02 Models", "{321DD531-A857-4BCD-BCEA-4C442F2FC2E0}"
EndProject
Project("{2150E333-8FDC-42A3-9474-1A3956D46DE8}") = "03 Persistence", "03 Persistence", "{3985DB19-C5A2-48A7-9711-7CAC9F0553CC}"
EndProject
Project("{2150E333-8FDC-42A3-9474-1A3956D46DE8}") = "04 Service", "04 Service", "{D3FDE5D4-BB12-4BFA-A9A0-D0255E9B9F3A}"
EndProject
Project("{9A19103F-16F7-4668-BE54-9A1E7A4F7556}") = "Custumer.Api", "src\Services\Custumer\Custumer.Api\Custumer.Api.csproj", "{B10F8E9D-996E-4377-9BD1-4282D8E1F400}"
EndProject
Project("{9A19103F-16F7-4668-BE54-9A1E7A4F7556}") = "Custumer.Domain", "src\Services\Custumer\Custumer.Domain\Custumer.Domain.csproj", "{D52F8B36-2A7C-4C69-95AD-7AB96D9DA5C8}"
EndProject
Project("{9A19103F-16F7-4668-BE54-9A1E7A4F7556}") = "Custumer.Database", "src\Services\Custumer\Custumer.Database\Custumer.Database.csproj", "{49C85ECF-9DDB-4D03-A52A-D91287C2407C}"
EndProject
Project("{9A19103F-16F7-4668-BE54-9A1E7A4F7556}") = "Custumer.Utils", "src\Services\Custumer\Custumer.Utils\Custumer.Utils.csproj", "{F6AB52D6-F21C-4763-B065-85BDAEA2E385}"
EndProject
Project("{9A19103F-16F7-4668-BE54-9A1E7A4F7556}") = "Custumer.Behaviour", "src\Services\Custumer\Custumer.Behaviour\Custumer.Behaviour.csproj", "{6304309D-7010-444D-AF24-03F8D0041343}"
EndProject
Project("{9A19103F-16F7-4668-BE54-9A1E7A4F7556}") = "Api.Gateway.Models", "src\Gateway\Api.Gateway.Models\Api.Gateway.Models.csproj", "{661811EF-A086-44EC-BDAC-64223B0A7C30}"
EndProject
Global
	GlobalSection(SolutionConfigurationPlatforms) = preSolution
		Debug|Any CPU = Debug|Any CPU
		Release|Any CPU = Release|Any CPU
	EndGlobalSection
	GlobalSection(ProjectConfigurationPlatforms) = postSolution
		{CE479437-B3ED-4340-B667-136D4F612FDC}.Debug|Any CPU.ActiveCfg = Debug|Any CPU
		{CE479437-B3ED-4340-B667-136D4F612FDC}.Debug|Any CPU.Build.0 = Debug|Any CPU
		{CE479437-B3ED-4340-B667-136D4F612FDC}.Release|Any CPU.ActiveCfg = Release|Any CPU
		{CE479437-B3ED-4340-B667-136D4F612FDC}.Release|Any CPU.Build.0 = Release|Any CPU
		{9158570F-9BAB-4BA8-8BAA-906029461695}.Debug|Any CPU.ActiveCfg = Debug|Any CPU
		{9158570F-9BAB-4BA8-8BAA-906029461695}.Debug|Any CPU.Build.0 = Debug|Any CPU
		{9158570F-9BAB-4BA8-8BAA-906029461695}.Release|Any CPU.ActiveCfg = Release|Any CPU
		{9158570F-9BAB-4BA8-8BAA-906029461695}.Release|Any CPU.Build.0 = Release|Any CPU
		{E8D9E2C2-3EF4-40A3-8E46-A61AF873C918}.Debug|Any CPU.ActiveCfg = Debug|Any CPU
		{E8D9E2C2-3EF4-40A3-8E46-A61AF873C918}.Debug|Any CPU.Build.0 = Debug|Any CPU
		{E8D9E2C2-3EF4-40A3-8E46-A61AF873C918}.Release|Any CPU.ActiveCfg = Release|Any CPU
		{E8D9E2C2-3EF4-40A3-8E46-A61AF873C918}.Release|Any CPU.Build.0 = Release|Any CPU
		{178D6322-FE2D-4713-804C-1225901C0902}.Debug|Any CPU.ActiveCfg = Debug|Any CPU
		{178D6322-FE2D-4713-804C-1225901C0902}.Debug|Any CPU.Build.0 = Debug|Any CPU
		{178D6322-FE2D-4713-804C-1225901C0902}.Release|Any CPU.ActiveCfg = Release|Any CPU
		{178D6322-FE2D-4713-804C-1225901C0902}.Release|Any CPU.Build.0 = Release|Any CPU
		{3A9586B3-6B4D-498B-A91B-9C7580D319CD}.Debug|Any CPU.ActiveCfg = Debug|Any CPU
		{3A9586B3-6B4D-498B-A91B-9C7580D319CD}.Debug|Any CPU.Build.0 = Debug|Any CPU
		{3A9586B3-6B4D-498B-A91B-9C7580D319CD}.Release|Any CPU.ActiveCfg = Release|Any CPU
		{3A9586B3-6B4D-498B-A91B-9C7580D319CD}.Release|Any CPU.Build.0 = Release|Any CPU
		{F3CB3C2C-4CB7-433F-A6A4-854DC905EED3}.Debug|Any CPU.ActiveCfg = Debug|Any CPU
		{F3CB3C2C-4CB7-433F-A6A4-854DC905EED3}.Debug|Any CPU.Build.0 = Debug|Any CPU
		{F3CB3C2C-4CB7-433F-A6A4-854DC905EED3}.Release|Any CPU.ActiveCfg = Release|Any CPU
		{F3CB3C2C-4CB7-433F-A6A4-854DC905EED3}.Release|Any CPU.Build.0 = Release|Any CPU
		{E661C541-0169-43B8-A981-527C41FE559B}.Debug|Any CPU.ActiveCfg = Debug|Any CPU
		{E661C541-0169-43B8-A981-527C41FE559B}.Debug|Any CPU.Build.0 = Debug|Any CPU
		{E661C541-0169-43B8-A981-527C41FE559B}.Release|Any CPU.ActiveCfg = Release|Any CPU
		{E661C541-0169-43B8-A981-527C41FE559B}.Release|Any CPU.Build.0 = Release|Any CPU
		{907D01B7-005F-41D0-836E-A847DB3A2C8F}.Debug|Any CPU.ActiveCfg = Debug|Any CPU
		{907D01B7-005F-41D0-836E-A847DB3A2C8F}.Debug|Any CPU.Build.0 = Debug|Any CPU
		{907D01B7-005F-41D0-836E-A847DB3A2C8F}.Release|Any CPU.ActiveCfg = Release|Any CPU
		{907D01B7-005F-41D0-836E-A847DB3A2C8F}.Release|Any CPU.Build.0 = Release|Any CPU
		{634DE858-41F8-4968-9DE1-3C2E7A5FC421}.Debug|Any CPU.ActiveCfg = Debug|Any CPU
		{634DE858-41F8-4968-9DE1-3C2E7A5FC421}.Debug|Any CPU.Build.0 = Debug|Any CPU
		{634DE858-41F8-4968-9DE1-3C2E7A5FC421}.Release|Any CPU.ActiveCfg = Release|Any CPU
		{634DE858-41F8-4968-9DE1-3C2E7A5FC421}.Release|Any CPU.Build.0 = Release|Any CPU
		{7806703B-090D-458F-BE86-EC8161663286}.Debug|Any CPU.ActiveCfg = Debug|Any CPU
		{7806703B-090D-458F-BE86-EC8161663286}.Debug|Any CPU.Build.0 = Debug|Any CPU
		{7806703B-090D-458F-BE86-EC8161663286}.Release|Any CPU.ActiveCfg = Release|Any CPU
		{7806703B-090D-458F-BE86-EC8161663286}.Release|Any CPU.Build.0 = Release|Any CPU
		{413D4DFA-67F8-4E2D-81D3-ECA7C4AF5BD9}.Debug|Any CPU.ActiveCfg = Debug|Any CPU
		{413D4DFA-67F8-4E2D-81D3-ECA7C4AF5BD9}.Debug|Any CPU.Build.0 = Debug|Any CPU
		{413D4DFA-67F8-4E2D-81D3-ECA7C4AF5BD9}.Release|Any CPU.ActiveCfg = Release|Any CPU
		{413D4DFA-67F8-4E2D-81D3-ECA7C4AF5BD9}.Release|Any CPU.Build.0 = Release|Any CPU
		{92B6E421-CD2B-4BA5-BAD3-EF9E10FFA48D}.Debug|Any CPU.ActiveCfg = Debug|Any CPU
		{92B6E421-CD2B-4BA5-BAD3-EF9E10FFA48D}.Debug|Any CPU.Build.0 = Debug|Any CPU
		{92B6E421-CD2B-4BA5-BAD3-EF9E10FFA48D}.Release|Any CPU.ActiveCfg = Release|Any CPU
		{92B6E421-CD2B-4BA5-BAD3-EF9E10FFA48D}.Release|Any CPU.Build.0 = Release|Any CPU
		{274D138D-B01A-4B6E-AE7A-0F98D46EE8B7}.Debug|Any CPU.ActiveCfg = Debug|Any CPU
		{274D138D-B01A-4B6E-AE7A-0F98D46EE8B7}.Debug|Any CPU.Build.0 = Debug|Any CPU
		{274D138D-B01A-4B6E-AE7A-0F98D46EE8B7}.Release|Any CPU.ActiveCfg = Release|Any CPU
		{274D138D-B01A-4B6E-AE7A-0F98D46EE8B7}.Release|Any CPU.Build.0 = Release|Any CPU
		{29FC1D88-CF05-4ED7-BD96-4E37E2AD9FA6}.Debug|Any CPU.ActiveCfg = Debug|Any CPU
		{29FC1D88-CF05-4ED7-BD96-4E37E2AD9FA6}.Debug|Any CPU.Build.0 = Debug|Any CPU
		{29FC1D88-CF05-4ED7-BD96-4E37E2AD9FA6}.Release|Any CPU.ActiveCfg = Release|Any CPU
		{29FC1D88-CF05-4ED7-BD96-4E37E2AD9FA6}.Release|Any CPU.Build.0 = Release|Any CPU
		{6FFFF3A4-A265-4261-8747-98AFD3C6956C}.Debug|Any CPU.ActiveCfg = Debug|Any CPU
		{6FFFF3A4-A265-4261-8747-98AFD3C6956C}.Debug|Any CPU.Build.0 = Debug|Any CPU
		{6FFFF3A4-A265-4261-8747-98AFD3C6956C}.Release|Any CPU.ActiveCfg = Release|Any CPU
		{6FFFF3A4-A265-4261-8747-98AFD3C6956C}.Release|Any CPU.Build.0 = Release|Any CPU
		{F024EA41-25C5-4F73-AC6E-1A916ACF30D6}.Debug|Any CPU.ActiveCfg = Debug|Any CPU
		{F024EA41-25C5-4F73-AC6E-1A916ACF30D6}.Debug|Any CPU.Build.0 = Debug|Any CPU
		{F024EA41-25C5-4F73-AC6E-1A916ACF30D6}.Release|Any CPU.ActiveCfg = Release|Any CPU
		{F024EA41-25C5-4F73-AC6E-1A916ACF30D6}.Release|Any CPU.Build.0 = Release|Any CPU
		{B10F8E9D-996E-4377-9BD1-4282D8E1F400}.Debug|Any CPU.ActiveCfg = Debug|Any CPU
		{B10F8E9D-996E-4377-9BD1-4282D8E1F400}.Debug|Any CPU.Build.0 = Debug|Any CPU
		{B10F8E9D-996E-4377-9BD1-4282D8E1F400}.Release|Any CPU.ActiveCfg = Release|Any CPU
		{B10F8E9D-996E-4377-9BD1-4282D8E1F400}.Release|Any CPU.Build.0 = Release|Any CPU
		{D52F8B36-2A7C-4C69-95AD-7AB96D9DA5C8}.Debug|Any CPU.ActiveCfg = Debug|Any CPU
		{D52F8B36-2A7C-4C69-95AD-7AB96D9DA5C8}.Debug|Any CPU.Build.0 = Debug|Any CPU
		{D52F8B36-2A7C-4C69-95AD-7AB96D9DA5C8}.Release|Any CPU.ActiveCfg = Release|Any CPU
		{D52F8B36-2A7C-4C69-95AD-7AB96D9DA5C8}.Release|Any CPU.Build.0 = Release|Any CPU
		{49C85ECF-9DDB-4D03-A52A-D91287C2407C}.Debug|Any CPU.ActiveCfg = Debug|Any CPU
		{49C85ECF-9DDB-4D03-A52A-D91287C2407C}.Debug|Any CPU.Build.0 = Debug|Any CPU
		{49C85ECF-9DDB-4D03-A52A-D91287C2407C}.Release|Any CPU.ActiveCfg = Release|Any CPU
		{49C85ECF-9DDB-4D03-A52A-D91287C2407C}.Release|Any CPU.Build.0 = Release|Any CPU
		{F6AB52D6-F21C-4763-B065-85BDAEA2E385}.Debug|Any CPU.ActiveCfg = Debug|Any CPU
		{F6AB52D6-F21C-4763-B065-85BDAEA2E385}.Debug|Any CPU.Build.0 = Debug|Any CPU
		{F6AB52D6-F21C-4763-B065-85BDAEA2E385}.Release|Any CPU.ActiveCfg = Release|Any CPU
		{F6AB52D6-F21C-4763-B065-85BDAEA2E385}.Release|Any CPU.Build.0 = Release|Any CPU
		{6304309D-7010-444D-AF24-03F8D0041343}.Debug|Any CPU.ActiveCfg = Debug|Any CPU
		{6304309D-7010-444D-AF24-03F8D0041343}.Debug|Any CPU.Build.0 = Debug|Any CPU
		{6304309D-7010-444D-AF24-03F8D0041343}.Release|Any CPU.ActiveCfg = Release|Any CPU
		{6304309D-7010-444D-AF24-03F8D0041343}.Release|Any CPU.Build.0 = Release|Any CPU
		{661811EF-A086-44EC-BDAC-64223B0A7C30}.Debug|Any CPU.ActiveCfg = Debug|Any CPU
		{661811EF-A086-44EC-BDAC-64223B0A7C30}.Debug|Any CPU.Build.0 = Debug|Any CPU
		{661811EF-A086-44EC-BDAC-64223B0A7C30}.Release|Any CPU.ActiveCfg = Release|Any CPU
		{661811EF-A086-44EC-BDAC-64223B0A7C30}.Release|Any CPU.Build.0 = Release|Any CPU
	EndGlobalSection
	GlobalSection(SolutionProperties) = preSolution
		HideSolutionNode = FALSE
	EndGlobalSection
	GlobalSection(NestedProjects) = preSolution
		{76EE034B-C6F9-415F-9EF6-B88E9AC085A7} = {C296C36B-38BC-4B6C-BC63-82F0CB13A4F9}
		{4085DDF5-00A8-452B-B954-C71A942E7044} = {C296C36B-38BC-4B6C-BC63-82F0CB13A4F9}
		{D6AE0F25-1189-48D2-82D4-CD2B52E38905} = {C296C36B-38BC-4B6C-BC63-82F0CB13A4F9}
		{CC310844-9453-4892-9592-49FDD46168C4} = {76EE034B-C6F9-415F-9EF6-B88E9AC085A7}
		{F880BD2B-F33A-4941-A247-148C12365B2B} = {76EE034B-C6F9-415F-9EF6-B88E9AC085A7}
		{5D915F71-17AB-4557-8141-76DABE7027BE} = {76EE034B-C6F9-415F-9EF6-B88E9AC085A7}
		{3FC1E389-D275-4260-88DD-8440C6891C1B} = {76EE034B-C6F9-415F-9EF6-B88E9AC085A7}
		{EC41671C-011E-4C74-B424-2E7C1554F84E} = {4085DDF5-00A8-452B-B954-C71A942E7044}
		{DC3D822D-24EB-4569-AC0F-B3ED7E0D283B} = {4085DDF5-00A8-452B-B954-C71A942E7044}
		{9125C6AF-7300-469B-B737-FFE32010F78B} = {4085DDF5-00A8-452B-B954-C71A942E7044}
		{2824FBBA-2EAE-4158-B5CE-44FEBA331695} = {D6AE0F25-1189-48D2-82D4-CD2B52E38905}
		{D529A698-C453-41D3-B8CA-E71CE7BE4899} = {D6AE0F25-1189-48D2-82D4-CD2B52E38905}
		{C74B6A16-660C-455F-AC41-F87D8986CB91} = {D6AE0F25-1189-48D2-82D4-CD2B52E38905}
		{BBDDAA44-79F8-44C9-A52F-0CB147F9F312} = {D6AE0F25-1189-48D2-82D4-CD2B52E38905}
		{D8761028-31C6-41B0-95E4-91B7B1207189} = {D6AE0F25-1189-48D2-82D4-CD2B52E38905}
		{CE479437-B3ED-4340-B667-136D4F612FDC} = {EC41671C-011E-4C74-B424-2E7C1554F84E}
		{9158570F-9BAB-4BA8-8BAA-906029461695} = {DC3D822D-24EB-4569-AC0F-B3ED7E0D283B}
		{E8D9E2C2-3EF4-40A3-8E46-A61AF873C918} = {9125C6AF-7300-469B-B737-FFE32010F78B}
		{178D6322-FE2D-4713-804C-1225901C0902} = {9125C6AF-7300-469B-B737-FFE32010F78B}
		{3A9586B3-6B4D-498B-A91B-9C7580D319CD} = {2824FBBA-2EAE-4158-B5CE-44FEBA331695}
		{F3CB3C2C-4CB7-433F-A6A4-854DC905EED3} = {CC310844-9453-4892-9592-49FDD46168C4}
		{E661C541-0169-43B8-A981-527C41FE559B} = {D529A698-C453-41D3-B8CA-E71CE7BE4899}
		{907D01B7-005F-41D0-836E-A847DB3A2C8F} = {E64B238E-6F77-4F64-9E68-FD22F1EEDFD9}
		{634DE858-41F8-4968-9DE1-3C2E7A5FC421} = {5D915F71-17AB-4557-8141-76DABE7027BE}
		{7806703B-090D-458F-BE86-EC8161663286} = {5D915F71-17AB-4557-8141-76DABE7027BE}
		{413D4DFA-67F8-4E2D-81D3-ECA7C4AF5BD9} = {F880BD2B-F33A-4941-A247-148C12365B2B}
		{92B6E421-CD2B-4BA5-BAD3-EF9E10FFA48D} = {3FC1E389-D275-4260-88DD-8440C6891C1B}
		{274D138D-B01A-4B6E-AE7A-0F98D46EE8B7} = {C74B6A16-660C-455F-AC41-F87D8986CB91}
		{29FC1D88-CF05-4ED7-BD96-4E37E2AD9FA6} = {BBDDAA44-79F8-44C9-A52F-0CB147F9F312}
		{6FFFF3A4-A265-4261-8747-98AFD3C6956C} = {BBDDAA44-79F8-44C9-A52F-0CB147F9F312}
		{F024EA41-25C5-4F73-AC6E-1A916ACF30D6} = {D8761028-31C6-41B0-95E4-91B7B1207189}
		{952C1523-13D8-4516-AD37-C90B978B7865} = {C296C36B-38BC-4B6C-BC63-82F0CB13A4F9}
		{1284AADC-0C64-4048-AB81-7F1A89091029} = {952C1523-13D8-4516-AD37-C90B978B7865}
		{321DD531-A857-4BCD-BCEA-4C442F2FC2E0} = {952C1523-13D8-4516-AD37-C90B978B7865}
		{3985DB19-C5A2-48A7-9711-7CAC9F0553CC} = {952C1523-13D8-4516-AD37-C90B978B7865}
		{D3FDE5D4-BB12-4BFA-A9A0-D0255E9B9F3A} = {952C1523-13D8-4516-AD37-C90B978B7865}
		{B10F8E9D-996E-4377-9BD1-4282D8E1F400} = {1284AADC-0C64-4048-AB81-7F1A89091029}
		{D52F8B36-2A7C-4C69-95AD-7AB96D9DA5C8} = {321DD531-A857-4BCD-BCEA-4C442F2FC2E0}
		{49C85ECF-9DDB-4D03-A52A-D91287C2407C} = {3985DB19-C5A2-48A7-9711-7CAC9F0553CC}
		{F6AB52D6-F21C-4763-B065-85BDAEA2E385} = {3985DB19-C5A2-48A7-9711-7CAC9F0553CC}
		{6304309D-7010-444D-AF24-03F8D0041343} = {D3FDE5D4-BB12-4BFA-A9A0-D0255E9B9F3A}
		{661811EF-A086-44EC-BDAC-64223B0A7C30} = {E64B238E-6F77-4F64-9E68-FD22F1EEDFD9}
	EndGlobalSection
	GlobalSection(ExtensibilityGlobals) = postSolution
		SolutionGuid = {1E319DCE-8E62-49E9-8400-1F9E36EC3129}
	EndGlobalSection
EndGlobal
